// !$*UTF8*$!
{
	archiveVersion = 1;
	classes = {
	};
	objectVersion = 51;
	objects = {

/* Begin PBXBuildFile section */
		175EC707592F8E7F8409CF3A /* Pods_Prendo_PrendoUITests.framework in Frameworks */ = {isa = PBXBuildFile; fileRef = 1FAF538D10C95AB7D349A5C9 /* Pods_Prendo_PrendoUITests.framework */; };
		191180594B94B8C0B4538558 /* Pods_PrendoTests.framework in Frameworks */ = {isa = PBXBuildFile; fileRef = AEBBDB6FADC2ADCCE3B9B9C6 /* Pods_PrendoTests.framework */; };
		424597D124833FEE005FE1F4 /* TaskTableViewCell.swift in Sources */ = {isa = PBXBuildFile; fileRef = 424597D024833FEE005FE1F4 /* TaskTableViewCell.swift */; };
		42DB748A248308540003040A /* HomeViewController.swift in Sources */ = {isa = PBXBuildFile; fileRef = 42DB7489248308540003040A /* HomeViewController.swift */; };
		5E66DBEC24820F310095A27C /* AppDelegate.swift in Sources */ = {isa = PBXBuildFile; fileRef = 5E66DBEB24820F310095A27C /* AppDelegate.swift */; };
		5E66DBEE24820F310095A27C /* SceneDelegate.swift in Sources */ = {isa = PBXBuildFile; fileRef = 5E66DBED24820F310095A27C /* SceneDelegate.swift */; };
		5E66DBF024820F310095A27C /* ViewController.swift in Sources */ = {isa = PBXBuildFile; fileRef = 5E66DBEF24820F310095A27C /* ViewController.swift */; };
		5E66DBF324820F310095A27C /* Main.storyboard in Resources */ = {isa = PBXBuildFile; fileRef = 5E66DBF124820F310095A27C /* Main.storyboard */; };
		5E66DBF524820F320095A27C /* Assets.xcassets in Resources */ = {isa = PBXBuildFile; fileRef = 5E66DBF424820F320095A27C /* Assets.xcassets */; };
		5E66DBF824820F320095A27C /* LaunchScreen.storyboard in Resources */ = {isa = PBXBuildFile; fileRef = 5E66DBF624820F320095A27C /* LaunchScreen.storyboard */; };
		5E66DC0324820F320095A27C /* PrendoTests.swift in Sources */ = {isa = PBXBuildFile; fileRef = 5E66DC0224820F320095A27C /* PrendoTests.swift */; };
		5E66DC0E24820F320095A27C /* PrendoUITests.swift in Sources */ = {isa = PBXBuildFile; fileRef = 5E66DC0D24820F320095A27C /* PrendoUITests.swift */; };
		FEBED77D0A7AEB0048231B7E /* Pods_Prendo.framework in Frameworks */ = {isa = PBXBuildFile; fileRef = 4C327B8E1C79AAD4E1F78280 /* Pods_Prendo.framework */; };
/* End PBXBuildFile section */

/* Begin PBXContainerItemProxy section */
		5E66DBFF24820F320095A27C /* PBXContainerItemProxy */ = {
			isa = PBXContainerItemProxy;
			containerPortal = 5E66DBE024820F310095A27C /* Project object */;
			proxyType = 1;
			remoteGlobalIDString = 5E66DBE724820F310095A27C;
			remoteInfo = Prendo;
		};
		5E66DC0A24820F320095A27C /* PBXContainerItemProxy */ = {
			isa = PBXContainerItemProxy;
			containerPortal = 5E66DBE024820F310095A27C /* Project object */;
			proxyType = 1;
			remoteGlobalIDString = 5E66DBE724820F310095A27C;
			remoteInfo = Prendo;
		};
/* End PBXContainerItemProxy section */

/* Begin PBXFileReference section */
		01EF861FAFDD4F2214462D2E /* Pods-PrendoTests.debug.xcconfig */ = {isa = PBXFileReference; includeInIndex = 1; lastKnownFileType = text.xcconfig; name = "Pods-PrendoTests.debug.xcconfig"; path = "Target Support Files/Pods-PrendoTests/Pods-PrendoTests.debug.xcconfig"; sourceTree = "<group>"; };
		04150CFAAAC348B70C9E81B2 /* Pods-Prendo-PrendoUITests.debug.xcconfig */ = {isa = PBXFileReference; includeInIndex = 1; lastKnownFileType = text.xcconfig; name = "Pods-Prendo-PrendoUITests.debug.xcconfig"; path = "Target Support Files/Pods-Prendo-PrendoUITests/Pods-Prendo-PrendoUITests.debug.xcconfig"; sourceTree = "<group>"; };
		1FAF538D10C95AB7D349A5C9 /* Pods_Prendo_PrendoUITests.framework */ = {isa = PBXFileReference; explicitFileType = wrapper.framework; includeInIndex = 0; path = Pods_Prendo_PrendoUITests.framework; sourceTree = BUILT_PRODUCTS_DIR; };
		424597D024833FEE005FE1F4 /* TaskTableViewCell.swift */ = {isa = PBXFileReference; lastKnownFileType = sourcecode.swift; path = TaskTableViewCell.swift; sourceTree = "<group>"; };
		4278B970A801D1B7F7B7CB2E /* Pods-Prendo-PrendoUITests.release.xcconfig */ = {isa = PBXFileReference; includeInIndex = 1; lastKnownFileType = text.xcconfig; name = "Pods-Prendo-PrendoUITests.release.xcconfig"; path = "Target Support Files/Pods-Prendo-PrendoUITests/Pods-Prendo-PrendoUITests.release.xcconfig"; sourceTree = "<group>"; };
		42DB7489248308540003040A /* HomeViewController.swift */ = {isa = PBXFileReference; lastKnownFileType = sourcecode.swift; path = HomeViewController.swift; sourceTree = "<group>"; };
		4C327B8E1C79AAD4E1F78280 /* Pods_Prendo.framework */ = {isa = PBXFileReference; explicitFileType = wrapper.framework; includeInIndex = 0; path = Pods_Prendo.framework; sourceTree = BUILT_PRODUCTS_DIR; };
		51AE33F7C206BE64C8C1AEFE /* Pods-Prendo.release.xcconfig */ = {isa = PBXFileReference; includeInIndex = 1; lastKnownFileType = text.xcconfig; name = "Pods-Prendo.release.xcconfig"; path = "Target Support Files/Pods-Prendo/Pods-Prendo.release.xcconfig"; sourceTree = "<group>"; };
		5E66DBE824820F310095A27C /* Prendo.app */ = {isa = PBXFileReference; explicitFileType = wrapper.application; includeInIndex = 0; path = Prendo.app; sourceTree = BUILT_PRODUCTS_DIR; };
		5E66DBEB24820F310095A27C /* AppDelegate.swift */ = {isa = PBXFileReference; lastKnownFileType = sourcecode.swift; path = AppDelegate.swift; sourceTree = "<group>"; };
		5E66DBED24820F310095A27C /* SceneDelegate.swift */ = {isa = PBXFileReference; lastKnownFileType = sourcecode.swift; path = SceneDelegate.swift; sourceTree = "<group>"; };
		5E66DBEF24820F310095A27C /* ViewController.swift */ = {isa = PBXFileReference; lastKnownFileType = sourcecode.swift; path = ViewController.swift; sourceTree = "<group>"; };
		5E66DBF224820F310095A27C /* Base */ = {isa = PBXFileReference; lastKnownFileType = file.storyboard; name = Base; path = Base.lproj/Main.storyboard; sourceTree = "<group>"; };
		5E66DBF424820F320095A27C /* Assets.xcassets */ = {isa = PBXFileReference; lastKnownFileType = folder.assetcatalog; path = Assets.xcassets; sourceTree = "<group>"; };
		5E66DBF724820F320095A27C /* Base */ = {isa = PBXFileReference; lastKnownFileType = file.storyboard; name = Base; path = Base.lproj/LaunchScreen.storyboard; sourceTree = "<group>"; };
		5E66DBF924820F320095A27C /* Info.plist */ = {isa = PBXFileReference; lastKnownFileType = text.plist.xml; path = Info.plist; sourceTree = "<group>"; };
		5E66DBFE24820F320095A27C /* PrendoTests.xctest */ = {isa = PBXFileReference; explicitFileType = wrapper.cfbundle; includeInIndex = 0; path = PrendoTests.xctest; sourceTree = BUILT_PRODUCTS_DIR; };
		5E66DC0224820F320095A27C /* PrendoTests.swift */ = {isa = PBXFileReference; lastKnownFileType = sourcecode.swift; path = PrendoTests.swift; sourceTree = "<group>"; };
		5E66DC0424820F320095A27C /* Info.plist */ = {isa = PBXFileReference; lastKnownFileType = text.plist.xml; path = Info.plist; sourceTree = "<group>"; };
		5E66DC0924820F320095A27C /* PrendoUITests.xctest */ = {isa = PBXFileReference; explicitFileType = wrapper.cfbundle; includeInIndex = 0; path = PrendoUITests.xctest; sourceTree = BUILT_PRODUCTS_DIR; };
		5E66DC0D24820F320095A27C /* PrendoUITests.swift */ = {isa = PBXFileReference; lastKnownFileType = sourcecode.swift; path = PrendoUITests.swift; sourceTree = "<group>"; };
		5E66DC0F24820F320095A27C /* Info.plist */ = {isa = PBXFileReference; lastKnownFileType = text.plist.xml; path = Info.plist; sourceTree = "<group>"; };
		AEBBDB6FADC2ADCCE3B9B9C6 /* Pods_PrendoTests.framework */ = {isa = PBXFileReference; explicitFileType = wrapper.framework; includeInIndex = 0; path = Pods_PrendoTests.framework; sourceTree = BUILT_PRODUCTS_DIR; };
		AEE39A9D1671E6E80A0197ED /* Pods-PrendoTests.release.xcconfig */ = {isa = PBXFileReference; includeInIndex = 1; lastKnownFileType = text.xcconfig; name = "Pods-PrendoTests.release.xcconfig"; path = "Target Support Files/Pods-PrendoTests/Pods-PrendoTests.release.xcconfig"; sourceTree = "<group>"; };
		EB9AEFE4F348A3D44DA59853 /* Pods-Prendo.debug.xcconfig */ = {isa = PBXFileReference; includeInIndex = 1; lastKnownFileType = text.xcconfig; name = "Pods-Prendo.debug.xcconfig"; path = "Target Support Files/Pods-Prendo/Pods-Prendo.debug.xcconfig"; sourceTree = "<group>"; };
/* End PBXFileReference section */

/* Begin PBXFrameworksBuildPhase section */
		5E66DBE524820F310095A27C /* Frameworks */ = {
			isa = PBXFrameworksBuildPhase;
			buildActionMask = 2147483647;
			files = (
				FEBED77D0A7AEB0048231B7E /* Pods_Prendo.framework in Frameworks */,
			);
			runOnlyForDeploymentPostprocessing = 0;
		};
		5E66DBFB24820F320095A27C /* Frameworks */ = {
			isa = PBXFrameworksBuildPhase;
			buildActionMask = 2147483647;
			files = (
				191180594B94B8C0B4538558 /* Pods_PrendoTests.framework in Frameworks */,
			);
			runOnlyForDeploymentPostprocessing = 0;
		};
		5E66DC0624820F320095A27C /* Frameworks */ = {
			isa = PBXFrameworksBuildPhase;
			buildActionMask = 2147483647;
			files = (
				175EC707592F8E7F8409CF3A /* Pods_Prendo_PrendoUITests.framework in Frameworks */,
			);
			runOnlyForDeploymentPostprocessing = 0;
		};
/* End PBXFrameworksBuildPhase section */

/* Begin PBXGroup section */
		4C581BEF216A02933D5F27A4 /* Frameworks */ = {
			isa = PBXGroup;
			children = (
				4C327B8E1C79AAD4E1F78280 /* Pods_Prendo.framework */,
				1FAF538D10C95AB7D349A5C9 /* Pods_Prendo_PrendoUITests.framework */,
				AEBBDB6FADC2ADCCE3B9B9C6 /* Pods_PrendoTests.framework */,
			);
			name = Frameworks;
			sourceTree = "<group>";
		};
		5E66DBDF24820F310095A27C = {
			isa = PBXGroup;
			children = (
				5E66DBEA24820F310095A27C /* Prendo */,
				5E66DC0124820F320095A27C /* PrendoTests */,
				5E66DC0C24820F320095A27C /* PrendoUITests */,
				5E66DBE924820F310095A27C /* Products */,
				7F28E93EFA882C5028C5AE5F /* Pods */,
				4C581BEF216A02933D5F27A4 /* Frameworks */,
			);
			sourceTree = "<group>";
		};
		5E66DBE924820F310095A27C /* Products */ = {
			isa = PBXGroup;
			children = (
				5E66DBE824820F310095A27C /* Prendo.app */,
				5E66DBFE24820F320095A27C /* PrendoTests.xctest */,
				5E66DC0924820F320095A27C /* PrendoUITests.xctest */,
			);
			name = Products;
			sourceTree = "<group>";
		};
		5E66DBEA24820F310095A27C /* Prendo */ = {
			isa = PBXGroup;
			children = (
				5E66DBEB24820F310095A27C /* AppDelegate.swift */,
				5E66DBED24820F310095A27C /* SceneDelegate.swift */,
				5E66DBEF24820F310095A27C /* ViewController.swift */,
				5E66DBF124820F310095A27C /* Main.storyboard */,
				5E66DBF424820F320095A27C /* Assets.xcassets */,
				5E66DBF624820F320095A27C /* LaunchScreen.storyboard */,
				5E66DBF924820F320095A27C /* Info.plist */,
				42DB7489248308540003040A /* HomeViewController.swift */,
				424597D024833FEE005FE1F4 /* TaskTableViewCell.swift */,
			);
			path = Prendo;
			sourceTree = "<group>";
		};
		5E66DC0124820F320095A27C /* PrendoTests */ = {
			isa = PBXGroup;
			children = (
				5E66DC0224820F320095A27C /* PrendoTests.swift */,
				5E66DC0424820F320095A27C /* Info.plist */,
			);
			path = PrendoTests;
			sourceTree = "<group>";
		};
		5E66DC0C24820F320095A27C /* PrendoUITests */ = {
			isa = PBXGroup;
			children = (
				5E66DC0D24820F320095A27C /* PrendoUITests.swift */,
				5E66DC0F24820F320095A27C /* Info.plist */,
			);
			path = PrendoUITests;
			sourceTree = "<group>";
		};
		7F28E93EFA882C5028C5AE5F /* Pods */ = {
			isa = PBXGroup;
			children = (
				EB9AEFE4F348A3D44DA59853 /* Pods-Prendo.debug.xcconfig */,
				51AE33F7C206BE64C8C1AEFE /* Pods-Prendo.release.xcconfig */,
				04150CFAAAC348B70C9E81B2 /* Pods-Prendo-PrendoUITests.debug.xcconfig */,
				4278B970A801D1B7F7B7CB2E /* Pods-Prendo-PrendoUITests.release.xcconfig */,
				01EF861FAFDD4F2214462D2E /* Pods-PrendoTests.debug.xcconfig */,
				AEE39A9D1671E6E80A0197ED /* Pods-PrendoTests.release.xcconfig */,
			);
			path = Pods;
			sourceTree = "<group>";
		};
/* End PBXGroup section */

/* Begin PBXNativeTarget section */
		5E66DBE724820F310095A27C /* Prendo */ = {
			isa = PBXNativeTarget;
			buildConfigurationList = 5E66DC1224820F320095A27C /* Build configuration list for PBXNativeTarget "Prendo" */;
			buildPhases = (
				2A0B4345F33B4DCE44725182 /* [CP] Check Pods Manifest.lock */,
				5E66DBE424820F310095A27C /* Sources */,
				5E66DBE524820F310095A27C /* Frameworks */,
				5E66DBE624820F310095A27C /* Resources */,
				2664BE1323D0C3C775A69CBA /* [CP] Embed Pods Frameworks */,
			);
			buildRules = (
			);
			dependencies = (
			);
			name = Prendo;
			productName = Prendo;
			productReference = 5E66DBE824820F310095A27C /* Prendo.app */;
			productType = "com.apple.product-type.application";
		};
		5E66DBFD24820F320095A27C /* PrendoTests */ = {
			isa = PBXNativeTarget;
			buildConfigurationList = 5E66DC1524820F320095A27C /* Build configuration list for PBXNativeTarget "PrendoTests" */;
			buildPhases = (
				3297C72AC4E974A868860AE3 /* [CP] Check Pods Manifest.lock */,
				5E66DBFA24820F320095A27C /* Sources */,
				5E66DBFB24820F320095A27C /* Frameworks */,
				5E66DBFC24820F320095A27C /* Resources */,
			);
			buildRules = (
			);
			dependencies = (
				5E66DC0024820F320095A27C /* PBXTargetDependency */,
			);
			name = PrendoTests;
			productName = PrendoTests;
			productReference = 5E66DBFE24820F320095A27C /* PrendoTests.xctest */;
			productType = "com.apple.product-type.bundle.unit-test";
		};
		5E66DC0824820F320095A27C /* PrendoUITests */ = {
			isa = PBXNativeTarget;
			buildConfigurationList = 5E66DC1824820F320095A27C /* Build configuration list for PBXNativeTarget "PrendoUITests" */;
			buildPhases = (
				6D8F652E45D32E6D7215F0C1 /* [CP] Check Pods Manifest.lock */,
				5E66DC0524820F320095A27C /* Sources */,
				5E66DC0624820F320095A27C /* Frameworks */,
				5E66DC0724820F320095A27C /* Resources */,
				06B63D282BE5C64F481ED307 /* [CP] Embed Pods Frameworks */,
			);
			buildRules = (
			);
			dependencies = (
				5E66DC0B24820F320095A27C /* PBXTargetDependency */,
			);
			name = PrendoUITests;
			productName = PrendoUITests;
			productReference = 5E66DC0924820F320095A27C /* PrendoUITests.xctest */;
			productType = "com.apple.product-type.bundle.ui-testing";
		};
/* End PBXNativeTarget section */

/* Begin PBXProject section */
		5E66DBE024820F310095A27C /* Project object */ = {
			isa = PBXProject;
			attributes = {
				LastSwiftUpdateCheck = 1140;
				LastUpgradeCheck = 1140;
				ORGANIZATIONNAME = "The Prendos";
				TargetAttributes = {
					5E66DBE724820F310095A27C = {
						CreatedOnToolsVersion = 11.4.1;
					};
					5E66DBFD24820F320095A27C = {
						CreatedOnToolsVersion = 11.4.1;
						TestTargetID = 5E66DBE724820F310095A27C;
					};
					5E66DC0824820F320095A27C = {
						CreatedOnToolsVersion = 11.4.1;
						TestTargetID = 5E66DBE724820F310095A27C;
					};
				};
			};
			buildConfigurationList = 5E66DBE324820F310095A27C /* Build configuration list for PBXProject "Prendo" */;
			compatibilityVersion = "Xcode 9.3";
			developmentRegion = en;
			hasScannedForEncodings = 0;
			knownRegions = (
				en,
				Base,
			);
			mainGroup = 5E66DBDF24820F310095A27C;
			productRefGroup = 5E66DBE924820F310095A27C /* Products */;
			projectDirPath = "";
			projectRoot = "";
			targets = (
				5E66DBE724820F310095A27C /* Prendo */,
				5E66DBFD24820F320095A27C /* PrendoTests */,
				5E66DC0824820F320095A27C /* PrendoUITests */,
			);
		};
/* End PBXProject section */

/* Begin PBXResourcesBuildPhase section */
		5E66DBE624820F310095A27C /* Resources */ = {
			isa = PBXResourcesBuildPhase;
			buildActionMask = 2147483647;
			files = (
				5E66DBF824820F320095A27C /* LaunchScreen.storyboard in Resources */,
				5E66DBF524820F320095A27C /* Assets.xcassets in Resources */,
				5E66DBF324820F310095A27C /* Main.storyboard in Resources */,
			);
			runOnlyForDeploymentPostprocessing = 0;
		};
		5E66DBFC24820F320095A27C /* Resources */ = {
			isa = PBXResourcesBuildPhase;
			buildActionMask = 2147483647;
			files = (
			);
			runOnlyForDeploymentPostprocessing = 0;
		};
		5E66DC0724820F320095A27C /* Resources */ = {
			isa = PBXResourcesBuildPhase;
			buildActionMask = 2147483647;
			files = (
			);
			runOnlyForDeploymentPostprocessing = 0;
		};
/* End PBXResourcesBuildPhase section */

/* Begin PBXShellScriptBuildPhase section */
		06B63D282BE5C64F481ED307 /* [CP] Embed Pods Frameworks */ = {
			isa = PBXShellScriptBuildPhase;
			buildActionMask = 2147483647;
			files = (
			);
			inputFileListPaths = (
				"${PODS_ROOT}/Target Support Files/Pods-Prendo-PrendoUITests/Pods-Prendo-PrendoUITests-frameworks-${CONFIGURATION}-input-files.xcfilelist",
			);
			name = "[CP] Embed Pods Frameworks";
			outputFileListPaths = (
				"${PODS_ROOT}/Target Support Files/Pods-Prendo-PrendoUITests/Pods-Prendo-PrendoUITests-frameworks-${CONFIGURATION}-output-files.xcfilelist",
			);
			runOnlyForDeploymentPostprocessing = 0;
			shellPath = /bin/sh;
			shellScript = "\"${PODS_ROOT}/Target Support Files/Pods-Prendo-PrendoUITests/Pods-Prendo-PrendoUITests-frameworks.sh\"\n";
			showEnvVarsInLog = 0;
		};
		2664BE1323D0C3C775A69CBA /* [CP] Embed Pods Frameworks */ = {
			isa = PBXShellScriptBuildPhase;
			buildActionMask = 2147483647;
			files = (
			);
			inputFileListPaths = (
				"${PODS_ROOT}/Target Support Files/Pods-Prendo/Pods-Prendo-frameworks-${CONFIGURATION}-input-files.xcfilelist",
			);
			name = "[CP] Embed Pods Frameworks";
			outputFileListPaths = (
				"${PODS_ROOT}/Target Support Files/Pods-Prendo/Pods-Prendo-frameworks-${CONFIGURATION}-output-files.xcfilelist",
			);
			runOnlyForDeploymentPostprocessing = 0;
			shellPath = /bin/sh;
			shellScript = "\"${PODS_ROOT}/Target Support Files/Pods-Prendo/Pods-Prendo-frameworks.sh\"\n";
			showEnvVarsInLog = 0;
		};
		2A0B4345F33B4DCE44725182 /* [CP] Check Pods Manifest.lock */ = {
			isa = PBXShellScriptBuildPhase;
			buildActionMask = 2147483647;
			files = (
			);
			inputFileListPaths = (
			);
			inputPaths = (
				"${PODS_PODFILE_DIR_PATH}/Podfile.lock",
				"${PODS_ROOT}/Manifest.lock",
			);
			name = "[CP] Check Pods Manifest.lock";
			outputFileListPaths = (
			);
			outputPaths = (
				"$(DERIVED_FILE_DIR)/Pods-Prendo-checkManifestLockResult.txt",
			);
			runOnlyForDeploymentPostprocessing = 0;
			shellPath = /bin/sh;
			shellScript = "diff \"${PODS_PODFILE_DIR_PATH}/Podfile.lock\" \"${PODS_ROOT}/Manifest.lock\" > /dev/null\nif [ $? != 0 ] ; then\n    # print error to STDERR\n    echo \"error: The sandbox is not in sync with the Podfile.lock. Run 'pod install' or update your CocoaPods installation.\" >&2\n    exit 1\nfi\n# This output is used by Xcode 'outputs' to avoid re-running this script phase.\necho \"SUCCESS\" > \"${SCRIPT_OUTPUT_FILE_0}\"\n";
			showEnvVarsInLog = 0;
		};
		3297C72AC4E974A868860AE3 /* [CP] Check Pods Manifest.lock */ = {
			isa = PBXShellScriptBuildPhase;
			buildActionMask = 2147483647;
			files = (
			);
			inputFileListPaths = (
			);
			inputPaths = (
				"${PODS_PODFILE_DIR_PATH}/Podfile.lock",
				"${PODS_ROOT}/Manifest.lock",
			);
			name = "[CP] Check Pods Manifest.lock";
			outputFileListPaths = (
			);
			outputPaths = (
				"$(DERIVED_FILE_DIR)/Pods-PrendoTests-checkManifestLockResult.txt",
			);
			runOnlyForDeploymentPostprocessing = 0;
			shellPath = /bin/sh;
			shellScript = "diff \"${PODS_PODFILE_DIR_PATH}/Podfile.lock\" \"${PODS_ROOT}/Manifest.lock\" > /dev/null\nif [ $? != 0 ] ; then\n    # print error to STDERR\n    echo \"error: The sandbox is not in sync with the Podfile.lock. Run 'pod install' or update your CocoaPods installation.\" >&2\n    exit 1\nfi\n# This output is used by Xcode 'outputs' to avoid re-running this script phase.\necho \"SUCCESS\" > \"${SCRIPT_OUTPUT_FILE_0}\"\n";
			showEnvVarsInLog = 0;
		};
		6D8F652E45D32E6D7215F0C1 /* [CP] Check Pods Manifest.lock */ = {
			isa = PBXShellScriptBuildPhase;
			buildActionMask = 2147483647;
			files = (
			);
			inputFileListPaths = (
			);
			inputPaths = (
				"${PODS_PODFILE_DIR_PATH}/Podfile.lock",
				"${PODS_ROOT}/Manifest.lock",
			);
			name = "[CP] Check Pods Manifest.lock";
			outputFileListPaths = (
			);
			outputPaths = (
				"$(DERIVED_FILE_DIR)/Pods-Prendo-PrendoUITests-checkManifestLockResult.txt",
			);
			runOnlyForDeploymentPostprocessing = 0;
			shellPath = /bin/sh;
			shellScript = "diff \"${PODS_PODFILE_DIR_PATH}/Podfile.lock\" \"${PODS_ROOT}/Manifest.lock\" > /dev/null\nif [ $? != 0 ] ; then\n    # print error to STDERR\n    echo \"error: The sandbox is not in sync with the Podfile.lock. Run 'pod install' or update your CocoaPods installation.\" >&2\n    exit 1\nfi\n# This output is used by Xcode 'outputs' to avoid re-running this script phase.\necho \"SUCCESS\" > \"${SCRIPT_OUTPUT_FILE_0}\"\n";
			showEnvVarsInLog = 0;
		};
/* End PBXShellScriptBuildPhase section */

/* Begin PBXSourcesBuildPhase section */
		5E66DBE424820F310095A27C /* Sources */ = {
			isa = PBXSourcesBuildPhase;
			buildActionMask = 2147483647;
			files = (
				5E66DBF024820F310095A27C /* ViewController.swift in Sources */,
				5E66DBEC24820F310095A27C /* AppDelegate.swift in Sources */,
				424597D124833FEE005FE1F4 /* TaskTableViewCell.swift in Sources */,
				5E66DBEE24820F310095A27C /* SceneDelegate.swift in Sources */,
				42DB748A248308540003040A /* HomeViewController.swift in Sources */,
			);
			runOnlyForDeploymentPostprocessing = 0;
		};
		5E66DBFA24820F320095A27C /* Sources */ = {
			isa = PBXSourcesBuildPhase;
			buildActionMask = 2147483647;
			files = (
				5E66DC0324820F320095A27C /* PrendoTests.swift in Sources */,
			);
			runOnlyForDeploymentPostprocessing = 0;
		};
		5E66DC0524820F320095A27C /* Sources */ = {
			isa = PBXSourcesBuildPhase;
			buildActionMask = 2147483647;
			files = (
				5E66DC0E24820F320095A27C /* PrendoUITests.swift in Sources */,
			);
			runOnlyForDeploymentPostprocessing = 0;
		};
/* End PBXSourcesBuildPhase section */

/* Begin PBXTargetDependency section */
		5E66DC0024820F320095A27C /* PBXTargetDependency */ = {
			isa = PBXTargetDependency;
			target = 5E66DBE724820F310095A27C /* Prendo */;
			targetProxy = 5E66DBFF24820F320095A27C /* PBXContainerItemProxy */;
		};
		5E66DC0B24820F320095A27C /* PBXTargetDependency */ = {
			isa = PBXTargetDependency;
			target = 5E66DBE724820F310095A27C /* Prendo */;
			targetProxy = 5E66DC0A24820F320095A27C /* PBXContainerItemProxy */;
		};
/* End PBXTargetDependency section */

/* Begin PBXVariantGroup section */
		5E66DBF124820F310095A27C /* Main.storyboard */ = {
			isa = PBXVariantGroup;
			children = (
				5E66DBF224820F310095A27C /* Base */,
			);
			name = Main.storyboard;
			sourceTree = "<group>";
		};
		5E66DBF624820F320095A27C /* LaunchScreen.storyboard */ = {
			isa = PBXVariantGroup;
			children = (
				5E66DBF724820F320095A27C /* Base */,
			);
			name = LaunchScreen.storyboard;
			sourceTree = "<group>";
		};
/* End PBXVariantGroup section */

/* Begin XCBuildConfiguration section */
		5E66DC1024820F320095A27C /* Debug */ = {
			isa = XCBuildConfiguration;
			buildSettings = {
				ALWAYS_SEARCH_USER_PATHS = NO;
				CLANG_ANALYZER_NONNULL = YES;
				CLANG_ANALYZER_NUMBER_OBJECT_CONVERSION = YES_AGGRESSIVE;
				CLANG_CXX_LANGUAGE_STANDARD = "gnu++14";
				CLANG_CXX_LIBRARY = "libc++";
				CLANG_ENABLE_MODULES = YES;
				CLANG_ENABLE_OBJC_ARC = YES;
				CLANG_ENABLE_OBJC_WEAK = YES;
				CLANG_WARN_BLOCK_CAPTURE_AUTORELEASING = YES;
				CLANG_WARN_BOOL_CONVERSION = YES;
				CLANG_WARN_COMMA = YES;
				CLANG_WARN_CONSTANT_CONVERSION = YES;
				CLANG_WARN_DEPRECATED_OBJC_IMPLEMENTATIONS = YES;
				CLANG_WARN_DIRECT_OBJC_ISA_USAGE = YES_ERROR;
				CLANG_WARN_DOCUMENTATION_COMMENTS = YES;
				CLANG_WARN_EMPTY_BODY = YES;
				CLANG_WARN_ENUM_CONVERSION = YES;
				CLANG_WARN_INFINITE_RECURSION = YES;
				CLANG_WARN_INT_CONVERSION = YES;
				CLANG_WARN_NON_LITERAL_NULL_CONVERSION = YES;
				CLANG_WARN_OBJC_IMPLICIT_RETAIN_SELF = YES;
				CLANG_WARN_OBJC_LITERAL_CONVERSION = YES;
				CLANG_WARN_OBJC_ROOT_CLASS = YES_ERROR;
				CLANG_WARN_RANGE_LOOP_ANALYSIS = YES;
				CLANG_WARN_STRICT_PROTOTYPES = YES;
				CLANG_WARN_SUSPICIOUS_MOVE = YES;
				CLANG_WARN_UNGUARDED_AVAILABILITY = YES_AGGRESSIVE;
				CLANG_WARN_UNREACHABLE_CODE = YES;
				CLANG_WARN__DUPLICATE_METHOD_MATCH = YES;
				COPY_PHASE_STRIP = NO;
				DEBUG_INFORMATION_FORMAT = dwarf;
				ENABLE_STRICT_OBJC_MSGSEND = YES;
				ENABLE_TESTABILITY = YES;
				GCC_C_LANGUAGE_STANDARD = gnu11;
				GCC_DYNAMIC_NO_PIC = NO;
				GCC_NO_COMMON_BLOCKS = YES;
				GCC_OPTIMIZATION_LEVEL = 0;
				GCC_PREPROCESSOR_DEFINITIONS = (
					"DEBUG=1",
					"$(inherited)",
				);
				GCC_WARN_64_TO_32_BIT_CONVERSION = YES;
				GCC_WARN_ABOUT_RETURN_TYPE = YES_ERROR;
				GCC_WARN_UNDECLARED_SELECTOR = YES;
				GCC_WARN_UNINITIALIZED_AUTOS = YES_AGGRESSIVE;
				GCC_WARN_UNUSED_FUNCTION = YES;
				GCC_WARN_UNUSED_VARIABLE = YES;
				IPHONEOS_DEPLOYMENT_TARGET = 13.4;
				MTL_ENABLE_DEBUG_INFO = INCLUDE_SOURCE;
				MTL_FAST_MATH = YES;
				ONLY_ACTIVE_ARCH = YES;
				SDKROOT = iphoneos;
				SWIFT_ACTIVE_COMPILATION_CONDITIONS = DEBUG;
				SWIFT_OPTIMIZATION_LEVEL = "-Onone";
			};
			name = Debug;
		};
		5E66DC1124820F320095A27C /* Release */ = {
			isa = XCBuildConfiguration;
			buildSettings = {
				ALWAYS_SEARCH_USER_PATHS = NO;
				CLANG_ANALYZER_NONNULL = YES;
				CLANG_ANALYZER_NUMBER_OBJECT_CONVERSION = YES_AGGRESSIVE;
				CLANG_CXX_LANGUAGE_STANDARD = "gnu++14";
				CLANG_CXX_LIBRARY = "libc++";
				CLANG_ENABLE_MODULES = YES;
				CLANG_ENABLE_OBJC_ARC = YES;
				CLANG_ENABLE_OBJC_WEAK = YES;
				CLANG_WARN_BLOCK_CAPTURE_AUTORELEASING = YES;
				CLANG_WARN_BOOL_CONVERSION = YES;
				CLANG_WARN_COMMA = YES;
				CLANG_WARN_CONSTANT_CONVERSION = YES;
				CLANG_WARN_DEPRECATED_OBJC_IMPLEMENTATIONS = YES;
				CLANG_WARN_DIRECT_OBJC_ISA_USAGE = YES_ERROR;
				CLANG_WARN_DOCUMENTATION_COMMENTS = YES;
				CLANG_WARN_EMPTY_BODY = YES;
				CLANG_WARN_ENUM_CONVERSION = YES;
				CLANG_WARN_INFINITE_RECURSION = YES;
				CLANG_WARN_INT_CONVERSION = YES;
				CLANG_WARN_NON_LITERAL_NULL_CONVERSION = YES;
				CLANG_WARN_OBJC_IMPLICIT_RETAIN_SELF = YES;
				CLANG_WARN_OBJC_LITERAL_CONVERSION = YES;
				CLANG_WARN_OBJC_ROOT_CLASS = YES_ERROR;
				CLANG_WARN_RANGE_LOOP_ANALYSIS = YES;
				CLANG_WARN_STRICT_PROTOTYPES = YES;
				CLANG_WARN_SUSPICIOUS_MOVE = YES;
				CLANG_WARN_UNGUARDED_AVAILABILITY = YES_AGGRESSIVE;
				CLANG_WARN_UNREACHABLE_CODE = YES;
				CLANG_WARN__DUPLICATE_METHOD_MATCH = YES;
				COPY_PHASE_STRIP = NO;
				DEBUG_INFORMATION_FORMAT = "dwarf-with-dsym";
				ENABLE_NS_ASSERTIONS = NO;
				ENABLE_STRICT_OBJC_MSGSEND = YES;
				GCC_C_LANGUAGE_STANDARD = gnu11;
				GCC_NO_COMMON_BLOCKS = YES;
				GCC_WARN_64_TO_32_BIT_CONVERSION = YES;
				GCC_WARN_ABOUT_RETURN_TYPE = YES_ERROR;
				GCC_WARN_UNDECLARED_SELECTOR = YES;
				GCC_WARN_UNINITIALIZED_AUTOS = YES_AGGRESSIVE;
				GCC_WARN_UNUSED_FUNCTION = YES;
				GCC_WARN_UNUSED_VARIABLE = YES;
				IPHONEOS_DEPLOYMENT_TARGET = 13.4;
				MTL_ENABLE_DEBUG_INFO = NO;
				MTL_FAST_MATH = YES;
				SDKROOT = iphoneos;
				SWIFT_COMPILATION_MODE = wholemodule;
				SWIFT_OPTIMIZATION_LEVEL = "-O";
				VALIDATE_PRODUCT = YES;
			};
			name = Release;
		};
		5E66DC1324820F320095A27C /* Debug */ = {
			isa = XCBuildConfiguration;
			baseConfigurationReference = EB9AEFE4F348A3D44DA59853 /* Pods-Prendo.debug.xcconfig */;
			buildSettings = {
				ASSETCATALOG_COMPILER_APPICON_NAME = AppIcon;
				CODE_SIGN_STYLE = Automatic;
				DEVELOPMENT_TEAM = WJ36L8RFBR;
				INFOPLIST_FILE = Prendo/Info.plist;
				LD_RUNPATH_SEARCH_PATHS = (
					"$(inherited)",
					"@executable_path/Frameworks",
				);
				PRODUCT_BUNDLE_IDENTIFIER = com.Prendo;
				PRODUCT_NAME = "$(TARGET_NAME)";
				SWIFT_VERSION = 5.0;
				TARGETED_DEVICE_FAMILY = "1,2";
			};
			name = Debug;
		};
		5E66DC1424820F320095A27C /* Release */ = {
			isa = XCBuildConfiguration;
			baseConfigurationReference = 51AE33F7C206BE64C8C1AEFE /* Pods-Prendo.release.xcconfig */;
			buildSettings = {
				ASSETCATALOG_COMPILER_APPICON_NAME = AppIcon;
				CODE_SIGN_STYLE = Automatic;
				DEVELOPMENT_TEAM = WJ36L8RFBR;
				INFOPLIST_FILE = Prendo/Info.plist;
				LD_RUNPATH_SEARCH_PATHS = (
					"$(inherited)",
					"@executable_path/Frameworks",
				);
				PRODUCT_BUNDLE_IDENTIFIER = com.Prendo;
				PRODUCT_NAME = "$(TARGET_NAME)";
				SWIFT_VERSION = 5.0;
				TARGETED_DEVICE_FAMILY = "1,2";
			};
			name = Release;
		};
		5E66DC1624820F320095A27C /* Debug */ = {
			isa = XCBuildConfiguration;
			baseConfigurationReference = 01EF861FAFDD4F2214462D2E /* Pods-PrendoTests.debug.xcconfig */;
			buildSettings = {
				ALWAYS_EMBED_SWIFT_STANDARD_LIBRARIES = YES;
				BUNDLE_LOADER = "$(TEST_HOST)";
				CODE_SIGN_STYLE = Automatic;
				DEVELOPMENT_TEAM = WJ36L8RFBR;
				INFOPLIST_FILE = PrendoTests/Info.plist;
				IPHONEOS_DEPLOYMENT_TARGET = 13.4;
				LD_RUNPATH_SEARCH_PATHS = (
					"$(inherited)",
					"@executable_path/Frameworks",
					"@loader_path/Frameworks",
				);
				PRODUCT_BUNDLE_IDENTIFIER = com.PrendoTests;
				PRODUCT_NAME = "$(TARGET_NAME)";
				SWIFT_VERSION = 5.0;
				TARGETED_DEVICE_FAMILY = "1,2";
				TEST_HOST = "$(BUILT_PRODUCTS_DIR)/Prendo.app/Prendo";
			};
			name = Debug;
		};
		5E66DC1724820F320095A27C /* Release */ = {
			isa = XCBuildConfiguration;
			baseConfigurationReference = AEE39A9D1671E6E80A0197ED /* Pods-PrendoTests.release.xcconfig */;
			buildSettings = {
				ALWAYS_EMBED_SWIFT_STANDARD_LIBRARIES = YES;
				BUNDLE_LOADER = "$(TEST_HOST)";
				CODE_SIGN_STYLE = Automatic;
				DEVELOPMENT_TEAM = WJ36L8RFBR;
				INFOPLIST_FILE = PrendoTests/Info.plist;
				IPHONEOS_DEPLOYMENT_TARGET = 13.4;
				LD_RUNPATH_SEARCH_PATHS = (
					"$(inherited)",
					"@executable_path/Frameworks",
					"@loader_path/Frameworks",
				);
				PRODUCT_BUNDLE_IDENTIFIER = com.PrendoTests;
				PRODUCT_NAME = "$(TARGET_NAME)";
				SWIFT_VERSION = 5.0;
				TARGETED_DEVICE_FAMILY = "1,2";
				TEST_HOST = "$(BUILT_PRODUCTS_DIR)/Prendo.app/Prendo";
			};
			name = Release;
		};
		5E66DC1924820F320095A27C /* Debug */ = {
			isa = XCBuildConfiguration;
			baseConfigurationReference = 04150CFAAAC348B70C9E81B2 /* Pods-Prendo-PrendoUITests.debug.xcconfig */;
			buildSettings = {
				ALWAYS_EMBED_SWIFT_STANDARD_LIBRARIES = YES;
				CODE_SIGN_STYLE = Automatic;
				DEVELOPMENT_TEAM = WJ36L8RFBR;
				INFOPLIST_FILE = PrendoUITests/Info.plist;
				LD_RUNPATH_SEARCH_PATHS = (
					"$(inherited)",
					"@executable_path/Frameworks",
					"@loader_path/Frameworks",
				);
				PRODUCT_BUNDLE_IDENTIFIER = com.PrendoUITests;
				PRODUCT_NAME = "$(TARGET_NAME)";
				SWIFT_VERSION = 5.0;
				TARGETED_DEVICE_FAMILY = "1,2";
				TEST_TARGET_NAME = Prendo;
			};
			name = Debug;
		};
		5E66DC1A24820F320095A27C /* Release */ = {
			isa = XCBuildConfiguration;
			baseConfigurationReference = 4278B970A801D1B7F7B7CB2E /* Pods-Prendo-PrendoUITests.release.xcconfig */;
			buildSettings = {
				ALWAYS_EMBED_SWIFT_STANDARD_LIBRARIES = YES;
				CODE_SIGN_STYLE = Automatic;
				DEVELOPMENT_TEAM = WJ36L8RFBR;
				INFOPLIST_FILE = PrendoUITests/Info.plist;
				LD_RUNPATH_SEARCH_PATHS = (
					"$(inherited)",
					"@executable_path/Frameworks",
					"@loader_path/Frameworks",
				);
				PRODUCT_BUNDLE_IDENTIFIER = com.PrendoUITests;
				PRODUCT_NAME = "$(TARGET_NAME)";
				SWIFT_VERSION = 5.0;
				TARGETED_DEVICE_FAMILY = "1,2";
				TEST_TARGET_NAME = Prendo;
			};
			name = Release;
		};
/* End XCBuildConfiguration section */

/* Begin XCConfigurationList section */
		5E66DBE324820F310095A27C /* Build configuration list for PBXProject "Prendo" */ = {
			isa = XCConfigurationList;
			buildConfigurations = (
				5E66DC1024820F320095A27C /* Debug */,
				5E66DC1124820F320095A27C /* Release */,
			);
			defaultConfigurationIsVisible = 0;
			defaultConfigurationName = Release;
		};
		5E66DC1224820F320095A27C /* Build configuration list for PBXNativeTarget "Prendo" */ = {
			isa = XCConfigurationList;
			buildConfigurations = (
				5E66DC1324820F320095A27C /* Debug */,
				5E66DC1424820F320095A27C /* Release */,
			);
			defaultConfigurationIsVisible = 0;
			defaultConfigurationName = Release;
		};
		5E66DC1524820F320095A27C /* Build configuration list for PBXNativeTarget "PrendoTests" */ = {
			isa = XCConfigurationList;
			buildConfigurations = (
				5E66DC1624820F320095A27C /* Debug */,
				5E66DC1724820F320095A27C /* Release */,
			);
			defaultConfigurationIsVisible = 0;
			defaultConfigurationName = Release;
		};
		5E66DC1824820F320095A27C /* Build configuration list for PBXNativeTarget "PrendoUITests" */ = {
			isa = XCConfigurationList;
			buildConfigurations = (
				5E66DC1924820F320095A27C /* Debug */,
				5E66DC1A24820F320095A27C /* Release */,
			);
			defaultConfigurationIsVisible = 0;
			defaultConfigurationName = Release;
		};
/* End XCConfigurationList section */
	};
	rootObject = 5E66DBE024820F310095A27C /* Project object */;
}
